# THIS IS AN AUTOGENERATED FILE. DO NOT EDIT THIS FILE DIRECTLY.
# yarn lockfile v1


"@fortawesome/fontawesome-free@^5.9.0":
  version "5.11.2"
  resolved "https://registry.yarnpkg.com/@fortawesome/fontawesome-free/-/fontawesome-free-5.11.2.tgz#8644bc25b19475779a7b7c1fc104bc0a794f4465"
  integrity sha512-XiUPoS79r1G7PcpnNtq85TJ7inJWe0v+b5oZJZKb0pGHNIV6+UiNeQWiFGmuQ0aj7GEhnD/v9iqxIsjuRKtEnQ==

animate.css@^3.7.0:
  version "3.7.2"
  resolved "https://registry.yarnpkg.com/animate.css/-/animate.css-3.7.2.tgz#e73e0d50e92cb1cfef1597d9b38a9481020e08ea"
  integrity sha512-0bE8zYo7C0KvgOYrSVfrzkbYk6IOTVPNqkiHg2cbyF4Pq/PXzilz4BRWA3hwEUBoMp5VBgrC29lQIZyhRWdBTw==

bootstrap-sass@^3.3.7:
  version "3.4.1"
  resolved "https://registry.yarnpkg.com/bootstrap-sass/-/bootstrap-sass-3.4.1.tgz#6843c73b1c258a0ac5cb2cc6f6f5285b664a8e9a"
  integrity sha512-p5rxsK/IyEDQm2CwiHxxUi0MZZtvVFbhWmyMOt4lLkA4bujDA1TGoKT0i1FKIWiugAdP+kK8T5KMDFIKQCLYIA==

bootstrap-tagsinput@^0.7.1:
  version "0.7.1"
  resolved "https://registry.yarnpkg.com/bootstrap-tagsinput/-/bootstrap-tagsinput-0.7.1.tgz#ffe3b06bbe2a106945ef2814568005a94f211937"
  integrity sha1-/+Owa74qEGlF7ygUVoAFqU8hGTc=

bootstrap@^4.3.1:
  version "4.3.1"
  resolved "https://registry.yarnpkg.com/bootstrap/-/bootstrap-4.3.1.tgz#280ca8f610504d99d7b6b4bfc4b68cec601704ac"
  integrity sha512-rXqOmH1VilAt2DyPzluTi2blhk17bO7ef+zLLPlWvG494pDxcM234pJ8wTc/6R40UWizAIIMgxjvxZg5kmsbag==

chart.js@^2.7.3:
  version "2.8.0"
  resolved "https://registry.yarnpkg.com/chart.js/-/chart.js-2.8.0.tgz#b703b10d0f4ec5079eaefdcd6ca32dc8f826e0e9"
  integrity sha512-Di3wUL4BFvqI5FB5K26aQ+hvWh8wnP9A3DWGvXHVkO13D3DSnaSsdZx29cXlEsYKVkn1E2az+ZYFS4t0zi8x0w==
  dependencies:
    chartjs-color "^2.1.0"
    moment "^2.10.2"

chartjs-color-string@^0.6.0:
  version "0.6.0"
  resolved "https://registry.yarnpkg.com/chartjs-color-string/-/chartjs-color-string-0.6.0.tgz#1df096621c0e70720a64f4135ea171d051402f71"
  integrity sha512-TIB5OKn1hPJvO7JcteW4WY/63v6KwEdt6udfnDE9iCAZgy+V4SrbSxoIbTw/xkUIapjEI4ExGtD0+6D3KyFd7A==
  dependencies:
    color-name "^1.0.0"

chartjs-color@^2.1.0:
  version "2.3.0"
  resolved "https://registry.yarnpkg.com/chartjs-color/-/chartjs-color-2.3.0.tgz#0e7e1e8dba37eae8415fd3db38bf572007dd958f"
  integrity sha512-hEvVheqczsoHD+fZ+tfPUE+1+RbV6b+eksp2LwAhwRTVXEjCSEavvk+Hg3H6SZfGlPh/UfmWKGIvZbtobOEm3g==
  dependencies:
    chartjs-color-string "^0.6.0"
    color-convert "^0.5.3"

classnames@^2.2.5:
  version "2.2.6"
  resolved "https://registry.yarnpkg.com/classnames/-/classnames-2.2.6.tgz#43935bffdd291f326dad0a205309b38d00f650ce"
  integrity sha512-JR/iSQOSt+LQIWwrwEzJ9uk0xfN3mTVYMwt1Ir5mUcSN6pU+V4zQFFaJsclJbPuAUQH+yfWef6tm7l1quW3C8Q==

cleave.js@^1.5.2:
  version "1.5.3"
  resolved "https://registry.yarnpkg.com/cleave.js/-/cleave.js-1.5.3.tgz#1ef36e1375dea289bffeefe8ebb1e3ef2ee23240"
  integrity sha512-tLum0abk+NRUZtMxpqLQS0jE9k2KYzsUlnMAqfMd2LAf8bb5xTHLHXTtPyI+dCk6DThtmWER3EzKfUi4NHdR7A==

clipboard@^2.0.0:
  version "2.0.4"
  resolved "https://registry.yarnpkg.com/clipboard/-/clipboard-2.0.4.tgz#836dafd66cf0fea5d71ce5d5b0bf6e958009112d"
  integrity sha512-Vw26VSLRpJfBofiVaFb/I8PVfdI1OxKcYShe6fm0sP/DtmiWQNCjhM/okTvdCo0G+lMMm1rMYbk4IK4x1X+kgQ==
  dependencies:
    good-listener "^1.2.2"
    select "^1.1.2"
    tiny-emitter "^2.0.0"

clone@^2.1.1:
  version "2.1.2"
  resolved "https://registry.yarnpkg.com/clone/-/clone-2.1.2.tgz#1b7f4b9f591f1e8f83670401600345a02887435f"
  integrity sha1-G39Ln1kfHo+DZwQBYANFoCiHQ18=

color-convert@^0.5.3:
  version "0.5.3"
  resolved "https://registry.yarnpkg.com/color-convert/-/color-convert-0.5.3.tgz#bdb6c69ce660fadffe0b0007cc447e1b9f7282bd"
  integrity sha1-vbbGnOZg+t/+CwAHzER+G59ygr0=

color-name@^1.0.0:
  version "1.1.4"
  resolved "https://registry.yarnpkg.com/color-name/-/color-name-1.1.4.tgz#c2a09a87acbde69543de6f63fa3995c826c536a2"
  integrity sha512-dOy+3AuW3a2wNbZHIuMZpTcgjGuLU/uBL/ubcZF9OXbDo8ff4O8yVp5Bf0efS8uEoYo5q4Fx7dY9OgQGXgAsQA==

commander@2.20.0:
  version "2.20.0"
  resolved "https://registry.yarnpkg.com/commander/-/commander-2.20.0.tgz#d58bb2b5c1ee8f87b0d340027e9e94e222c5a422"
  integrity sha512-7j2y+40w61zy6YC2iRNpUe/NwhNyoXrYpHMrSunaMG64nRnaf96zO/KMQR4OyN/UnE5KLyEBnKHd4aG3rskjpQ==

components-jqueryui@^1.12.1:
  version "1.12.1"
  resolved "https://registry.yarnpkg.com/components-jqueryui/-/components-jqueryui-1.12.1.tgz#617076f128f3be4c265f3e2db50471ef96cd9cee"
  integrity sha1-YXB28SjzvkwmXz4ttQRx75bNnO4=

core-js@^3.1.3:
  version "3.2.1"
  resolved "https://registry.yarnpkg.com/core-js/-/core-js-3.2.1.tgz#cd41f38534da6cc59f7db050fe67307de9868b09"
  integrity sha512-Qa5XSVefSVPRxy2XfUC13WbvqkxhkwB3ve+pgCQveNgYzbM/UxZeu1dcOX/xr4UmfUd+muuvsaxilQzCyUurMw==

cryptofont@^0.1.1:
  version "0.1.1"
  resolved "https://registry.yarnpkg.com/cryptofont/-/cryptofont-0.1.1.tgz#4480ccfee76370a359df2225e763f387db58cf67"
  integrity sha1-RIDM/udjcKNZ3yIl52Pzh9tYz2c=

datatables.net-dt@^1.10.15, datatables.net-dt@^1.10.19:
  version "1.10.20"
  resolved "https://registry.yarnpkg.com/datatables.net-dt/-/datatables.net-dt-1.10.20.tgz#998ab7d035e1ad52ad406451026ab968d1e63849"
  integrity sha512-D+65buDke96a3WlJo2re+SbcAVfjPh2nsFZG198Vbkz3i1wKPdB+wkV2K07qYIiIpypcXWOnD2pz3MvnUqM9Tw==
  dependencies:
    datatables.net "1.10.20"
    jquery ">=1.7"

datatables.net-responsive-dt@^2.2.3:
  version "2.2.3"
  resolved "https://registry.yarnpkg.com/datatables.net-responsive-dt/-/datatables.net-responsive-dt-2.2.3.tgz#dbba47b61945ab35580a9266debc7fd3c56241f6"
  integrity sha512-NGxuii+3sWGG150AWmQ5NYCrTaFKUHo6GeizBR8o2Uuy68PnuNrSO27hyLvOYNLHQ9kALT66f/gTaBc2TdznFA==
  dependencies:
    datatables.net-dt "^1.10.15"
    datatables.net-responsive "2.2.3"
    jquery ">=1.7"

datatables.net-responsive@2.2.3, datatables.net-responsive@^2.2.3:
  version "2.2.3"
  resolved "https://registry.yarnpkg.com/datatables.net-responsive/-/datatables.net-responsive-2.2.3.tgz#50a2b1b4955b16b32f573a3f00f473b0bfbee913"
  integrity sha512-8D6VtZcyuH3FG0Hn5A4LPZQEOX3+HrRFM7HjpmsQc/nQDBbdeBLkJX4Sh/o1nzFTSneuT1Wh/lYZHVPpjcN+Sw==
  dependencies:
    datatables.net "^1.10.15"
    jquery ">=1.7"

datatables.net@1.10.20, datatables.net@^1.10.15, datatables.net@^1.10.19:
  version "1.10.20"
  resolved "https://registry.yarnpkg.com/datatables.net/-/datatables.net-1.10.20.tgz#9d65ecc3c83cbe7baa4fa5a053405c8fe42c1350"
  integrity sha512-4E4S7tTU607N3h0fZPkGmAtr9mwy462u+VJ6gxYZ8MxcRIjZqHy3Dv1GNry7i3zQCktTdWbULVKBbkAJkuHEnQ==
  dependencies:
    jquery ">=1.7"

deep-equal@^1.0.1:
  version "1.1.0"
  resolved "https://registry.yarnpkg.com/deep-equal/-/deep-equal-1.1.0.tgz#3103cdf8ab6d32cf4a8df7865458f2b8d33f3745"
  integrity sha512-ZbfWJq/wN1Z273o7mUSjILYqehAktR2NVoSrOukDkU9kg2v/Uv89yU4Cvz8seJeAmtN5oqiefKq8FPuXOboqLw==
  dependencies:
    is-arguments "^1.0.4"
    is-date-object "^1.0.1"
    is-regex "^1.0.4"
    object-is "^1.0.1"
    object-keys "^1.1.1"
    regexp.prototype.flags "^1.2.0"

define-properties@^1.1.2:
  version "1.1.3"
  resolved "https://registry.yarnpkg.com/define-properties/-/define-properties-1.1.3.tgz#cf88da6cbee26fe6db7094f61d870cbd84cee9f1"
  integrity sha512-3MqfYKj2lLzdMSf8ZIZE/V+Zuy+BgD6f164e8K2w7dgnpKArBDerGYpM46IYYcjnkdPNMjPk9A6VFB8+3SKlXQ==
  dependencies:
    object-keys "^1.0.12"

delegate@^3.1.2:
  version "3.2.0"
  resolved "https://registry.yarnpkg.com/delegate/-/delegate-3.2.0.tgz#b66b71c3158522e8ab5744f720d8ca0c2af59166"
  integrity sha512-IofjkYBZaZivn0V8nnsMJGBr4jVLxHDheKSW88PyxS5QC4Vo9ZbZVvhzlSxY87fVq3STR6r+4cGepyHkcWOQSw==

eve-raphael@0.5.0:
  version "0.5.0"
  resolved "https://registry.yarnpkg.com/eve-raphael/-/eve-raphael-0.5.0.tgz#17c754b792beef3fa6684d79cf5a47c63c4cda30"
  integrity sha1-F8dUt5K+7z+maE15z1pHxjxM2jA=

eventemitter3@^2.0.3:
  version "2.0.3"
  resolved "https://registry.yarnpkg.com/eventemitter3/-/eventemitter3-2.0.3.tgz#b5e1079b59fb5e1ba2771c0a993be060a58c99ba"
  integrity sha1-teEHm1n7XhuidxwKmTvgYKWMmbo=

extend@^3.0.2:
  version "3.0.2"
  resolved "https://registry.yarnpkg.com/extend/-/extend-3.0.2.tgz#f8b1136b4071fbd8eb140aff858b1019ec2915fa"
  integrity sha512-fjquC59cD7CyW6urNXK0FBufkZcoiGG80wTuPujX590cB5Ttln20E2UB4S/WARVqhXffZl2LNgS+gQdPIIim/g==

fast-diff@1.1.2:
  version "1.1.2"
  resolved "https://registry.yarnpkg.com/fast-diff/-/fast-diff-1.1.2.tgz#4b62c42b8e03de3f848460b639079920695d0154"
  integrity sha512-KaJUt+M9t1qaIteSvjc6P3RbMdXsNhK61GRftR6SNxqmhthcd9MGIi4T+o0jD8LUSpSnSKXE20nLtJ3fOHxQig==

feather-icons@^4.22.1:
  version "4.24.1"
  resolved "https://registry.yarnpkg.com/feather-icons/-/feather-icons-4.24.1.tgz#f31a83c5a2d1c040576aacb7882d8acdfb7f7f09"
  integrity sha512-CGBzG9L9M2sNWEpLY2HJgacW4q1KzypMqLiCPQRr6t4uDDXqYprWRWKcHEwD/vDDiDnkSS7N4L5BLYwjGGH8pw==
  dependencies:
    classnames "^2.2.5"
    core-js "^3.1.3"

flag-icon-css@^3.2.1:
  version "3.4.2"
  resolved "https://registry.yarnpkg.com/flag-icon-css/-/flag-icon-css-3.4.2.tgz#9d76e2ce96bee87bd65ef241c238fff5ab7dac93"
  integrity sha512-x/Tw0qx7V2zut50GTeeJbvo9EiWtv+TPxI3fi1OiicbI8esZ1s4G2LnR1EJ96pDQlWqEVuD17sDPf/ZLifZeIg==
  dependencies:
    opencollective-postinstall "2.0.2"

flot.curvedlines@^1.1.1:
  version "1.1.1"
  resolved "https://registry.yarnpkg.com/flot.curvedlines/-/flot.curvedlines-1.1.1.tgz#ec943ed3b756b5322eb1d566322a5606275d01d0"
  integrity sha1-7JQ+07dWtTIusdVmMipWBiddAdA=

fullcalendar@^3.9.0:
  version "3.10.1"
  resolved "https://registry.yarnpkg.com/fullcalendar/-/fullcalendar-3.10.1.tgz#cca3f9a2656a7e978a3f3facb7f35934a91185db"
  integrity sha512-E0ioaHVmwdS4es8pNTUNva7505wPkUMFdn9JGFLYo+J12ARhN3zDBwoPj2DfB8rL7Yc1sSve+FqDHC3s2SZ7Fw==

function-bind@^1.1.1:
  version "1.1.1"
  resolved "https://registry.yarnpkg.com/function-bind/-/function-bind-1.1.1.tgz#a56899d3ea3c9bab874bb9773b7c5ede92f4895d"
  integrity sha512-yIovAzMX49sF8Yl58fSCWJ5svSLuaibPxXQJFLmBObTuCr0Mf1KiPopGM9NiFjiYBCbfaa2Fh6breQ6ANVTI0A==

gmaps@^0.4.24:
  version "0.4.24"
  resolved "https://registry.yarnpkg.com/gmaps/-/gmaps-0.4.24.tgz#07f22f0cfc3e4e32498950ffafd7ca635ffc100c"
  integrity sha1-B/IvDPw+TjJJiVD/r9fKY1/8EAw=

good-listener@^1.2.2:
  version "1.2.2"
  resolved "https://registry.yarnpkg.com/good-listener/-/good-listener-1.2.2.tgz#d53b30cdf9313dffb7dc9a0d477096aa6d145c50"
  integrity sha1-1TswzfkxPf+33JoNR3CWqm0UXFA=
  dependencies:
    delegate "^3.1.2"

handlebars@^4.1.0:
  version "4.4.3"
  resolved "https://registry.yarnpkg.com/handlebars/-/handlebars-4.4.3.tgz#180bae52c1d0e9ec0c15d7e82a4362d662762f6e"
  integrity sha512-B0W4A2U1ww3q7VVthTKfh+epHx+q4mCt6iK+zEAzbMBpWQAwxCeKxEGpj/1oQTpzPXDNSOG7hmG14TsISH50yw==
  dependencies:
    neo-async "^2.6.0"
    optimist "^0.6.1"
    source-map "^0.6.1"
  optionalDependencies:
    uglify-js "^3.1.4"

has@^1.0.1:
  version "1.0.3"
  resolved "https://registry.yarnpkg.com/has/-/has-1.0.3.tgz#722d7cbfc1f6aa8241f16dd814e011e1f41e8796"
  integrity sha512-f2dvO0VU6Oej7RkWJGrehjbzMAjFp5/VKPp5tTpWIV4JHHZK1/BxbFRtf/siA2SWTe09caDmVtYYzWEIbBS4zw==
  dependencies:
    function-bind "^1.1.1"

inter-ui@^3.2.0:
  version "3.10.0"
  resolved "https://registry.yarnpkg.com/inter-ui/-/inter-ui-3.10.0.tgz#dbcec35bd1ebfa595582bc81abf6d694539f209a"
  integrity sha512-RqsaPSKlmjzXVRC5wGUL7ETm15Lx3uYBEm/oH3487vSEiC/8DW5zHEjXuEAzlJJTTg8A2oP1b5LGicX0aN8muQ==

ion-rangeslider@^2.2.0:
  version "2.3.0"
  resolved "https://registry.yarnpkg.com/ion-rangeslider/-/ion-rangeslider-2.3.0.tgz#7957ce2e78acfc956b8c43009373da91f743347e"
  integrity sha512-7TtH9/X4Aq/xCzboWxjwlv20gVqR90Ysc3aehMlTuH2/ULaSxpB80hq+yvD1N0FwWbPDtxQpjQrz/iX+LWXKmg==
  dependencies:
    jquery ">=1.8"

ionicons@^2.0.1:
  version "2.0.1"
  resolved "https://registry.yarnpkg.com/ionicons/-/ionicons-2.0.1.tgz#ca398113293ea870244f538f0aabbd4b5b209a3e"
  integrity sha1-yjmBEyk+qHAkT1OPCqu9S1sgmj4=

is-arguments@^1.0.4:
  version "1.0.4"
  resolved "https://registry.yarnpkg.com/is-arguments/-/is-arguments-1.0.4.tgz#3faf966c7cba0ff437fb31f6250082fcf0448cf3"
  integrity sha512-xPh0Rmt8NE65sNzvyUmWgI1tz3mKq74lGA0mL8LYZcoIzKOzDh6HmrYm3d18k60nHerC8A9Km8kYu87zfSFnLA==

is-date-object@^1.0.1:
  version "1.0.1"
  resolved "https://registry.yarnpkg.com/is-date-object/-/is-date-object-1.0.1.tgz#9aa20eb6aeebbff77fbd33e74ca01b33581d3a16"
  integrity sha1-mqIOtq7rv/d/vTPnTKAbM1gdOhY=

is-regex@^1.0.4:
  version "1.0.4"
  resolved "https://registry.yarnpkg.com/is-regex/-/is-regex-1.0.4.tgz#5517489b547091b0930e095654ced25ee97e9491"
  integrity sha1-VRdIm1RwkbCTDglWVM7SXul+lJE=
  dependencies:
    has "^1.0.1"

jquery-simple-datetimepicker@^1.12.0:
  version "1.12.0"
  resolved "https://registry.yarnpkg.com/jquery-simple-datetimepicker/-/jquery-simple-datetimepicker-1.12.0.tgz#8f68185738fb38dc6f542cc79ee75b178bb0829d"
  integrity sha1-j2gYVzj7ONxvVCzHnudbF4uwgp0=
  dependencies:
    jquery ">=1.7.2"

jquery-sparkline@^2.4.0:
  version "2.4.0"
  resolved "https://registry.yarnpkg.com/jquery-sparkline/-/jquery-sparkline-2.4.0.tgz#1be8b7b704dd3857152708aefb1d4a4b3a69fb33"
  integrity sha1-G+i3twTdOFcVJwiu+x1KSzpp+zM=

jquery-steps@^1.1.0:
  version "1.1.0"
  resolved "https://registry.yarnpkg.com/jquery-steps/-/jquery-steps-1.1.0.tgz#0ceee0b0d2e49143981ad120d458ed56ea8e1924"
  integrity sha1-DO7gsNLkkUOYGtEg1FjtVuqOGSQ=

jquery-ui-slider@^1.12.1:
  version "1.12.1"
  resolved "https://registry.yarnpkg.com/jquery-ui-slider/-/jquery-ui-slider-1.12.1.tgz#3d5f545321553f9699ed338d0502e51a7bf29d22"
  integrity sha1-PV9UUyFVP5aZ7TONBQLlGnvynSI=

jquery.flot@^0.8.3:
  version "0.8.3"
  resolved "https://registry.yarnpkg.com/jquery.flot/-/jquery.flot-0.8.3.tgz#81d2ec4ffdf0dee729c8a442e8faa399e9b48207"
  integrity sha512-/tEE8J5NjwvStHDaCHkvTJpD7wDS4hE1OEL8xEmhgQfUe0gLUem923PIceNez1mz4yBNx6Hjv7pJcowLNd+nbg==

jquery.maskedinput@^1.4.1:
  version "1.4.1"
  resolved "https://registry.yarnpkg.com/jquery.maskedinput/-/jquery.maskedinput-1.4.1.tgz#3ea8f4cdc4eafce7354c27b66a73d0f44defc327"
  integrity sha1-Pqj0zcTq/Oc1TCe2anPQ9E3vwyc=

"jquery@>= 1.7.0", jquery@>=1.7, jquery@>=1.7.2, jquery@>=1.8, jquery@>=1.8.0, jquery@^3.3.1:
  version "3.4.1"
  resolved "https://registry.yarnpkg.com/jquery/-/jquery-3.4.1.tgz#714f1f8d9dde4bdfa55764ba37ef214630d80ef2"
  integrity sha512-36+AdBzCL+y6qjw5Tx7HgzeGCzC81MDDgaUP8ld2zhx58HdqXGoBd+tHdrBMiyjGQs0Hxs/MLZTu/eHNJJuWPw==

jquery@~1.11.3:
  version "1.11.3"
  resolved "https://registry.yarnpkg.com/jquery/-/jquery-1.11.3.tgz#dd8b74278b27102d29df63eae28308a8cfa1b583"
  integrity sha1-3Yt0J4snEC0p32Pq4oMIqM+htYM=

jqvmap@^1.5.1:
  version "1.5.1"
  resolved "https://registry.yarnpkg.com/jqvmap/-/jqvmap-1.5.1.tgz#1670a731d02386373da4cfaebd4db0eb634d4cfb"
  integrity sha1-FnCnMdAjhjc9pM+uvU2w62NNTPs=
  dependencies:
    jquery "~1.11.3"

js-cookie@^2.2.0:
  version "2.2.1"
  resolved "https://registry.yarnpkg.com/js-cookie/-/js-cookie-2.2.1.tgz#69e106dc5d5806894562902aa5baec3744e9b2b8"
  integrity sha512-HvdH2LzI/EAZcUwA8+0nKNtWHqS+ZmijLA30RwZA0bo7ToCckjK5MkGhjED9KoRcXO6BaGI3I9UIzSA1FKFPOQ==

leaflet@^1.3.4:
  version "1.5.1"
  resolved "https://registry.yarnpkg.com/leaflet/-/leaflet-1.5.1.tgz#9afb9d963d66c870066b1342e7a06f92840f46bf"
  integrity sha512-ekM9KAeG99tYisNBg0IzEywAlp0hYI5XRipsqRXyRTeuU8jcuntilpp+eFf5gaE0xubc9RuSNIVtByEKwqFV0w==

lightslider@^1.1.6:
  version "1.1.6"
  resolved "https://registry.yarnpkg.com/lightslider/-/lightslider-1.1.6.tgz#429cdba4e8f496dfa4475d300581ba10c1b2e6c9"
  integrity sha1-QpzbpOj0lt+kR10wBYG6EMGy5sk=
  dependencies:
    jquery ">= 1.7.0"

minimist@~0.0.1:
  version "0.0.10"
  resolved "https://registry.yarnpkg.com/minimist/-/minimist-0.0.10.tgz#de3f98543dbf96082be48ad1a0c7cda836301dcf"
  integrity sha1-3j+YVD2/lggr5IrRoMfNqDYwHc8=

moment@^2.10.2, moment@^2.22.2:
  version "2.24.0"
  resolved "https://registry.yarnpkg.com/moment/-/moment-2.24.0.tgz#0d055d53f5052aa653c9f6eb68bb5d12bf5c2b5b"
  integrity sha512-bV7f+6l2QigeBBZSM/6yTNq4P2fNpSWj/0e7jQcy87A8e7o2nAfP/34/2ky5Vw4B9S446EtIhodAzkFCcR4dQg==

morris.js@^0.5.0:
  version "0.5.0"
  resolved "https://registry.yarnpkg.com/morris.js/-/morris.js-0.5.0.tgz#725767135cfae059aae75999bb2ce6a1c5d1b44b"
  integrity sha1-cldnE1z64Fmq51mZuyzmocXRtEs=

neo-async@^2.6.0:
  version "2.6.1"
  resolved "https://registry.yarnpkg.com/neo-async/-/neo-async-2.6.1.tgz#ac27ada66167fa8849a6addd837f6b189ad2081c"
  integrity sha512-iyam8fBuCUpWeKPGpaNMetEocMt364qkCsfL9JuhjXX6dRnguRVOfk2GZaDpPjcOKiiXCPINZC1GczQ7iTq3Zw==

object-is@^1.0.1:
  version "1.0.1"
  resolved "https://registry.yarnpkg.com/object-is/-/object-is-1.0.1.tgz#0aa60ec9989a0b3ed795cf4d06f62cf1ad6539b6"
  integrity sha1-CqYOyZiaCz7Xlc9NBvYs8a1lObY=

object-keys@^1.0.12, object-keys@^1.1.1:
  version "1.1.1"
  resolved "https://registry.yarnpkg.com/object-keys/-/object-keys-1.1.1.tgz#1c47f272df277f3b1daf061677d9c82e2322c60e"
  integrity sha512-NuAESUOUMrlIXOfHKzD6bpPu3tYt3xvjNdRIQ+FeT0lNb4K8WR70CaDxhuNguS2XG+GjkyMwOzsN5ZktImfhLA==

opencollective-postinstall@2.0.2:
  version "2.0.2"
  resolved "https://registry.yarnpkg.com/opencollective-postinstall/-/opencollective-postinstall-2.0.2.tgz#5657f1bede69b6e33a45939b061eb53d3c6c3a89"
  integrity sha512-pVOEP16TrAO2/fjej1IdOyupJY8KDUM1CvsaScRbw6oddvpQoOfGk4ywha0HKKVAD6RkW4x6Q+tNBwhf3Bgpuw==

optimist@^0.6.1:
  version "0.6.1"
  resolved "https://registry.yarnpkg.com/optimist/-/optimist-0.6.1.tgz#da3ea74686fa21a19a111c326e90eb15a0196686"
  integrity sha1-2j6nRob6IaGaERwybpDrFaAZZoY=
  dependencies:
    minimist "~0.0.1"
    wordwrap "~0.0.2"

parchment@^1.1.4:
  version "1.1.4"
  resolved "https://registry.yarnpkg.com/parchment/-/parchment-1.1.4.tgz#aeded7ab938fe921d4c34bc339ce1168bc2ffde5"
  integrity sha512-J5FBQt/pM2inLzg4hEWmzQx/8h8D0CiDxaG3vyp9rKrQRSDgBlhjdP5jQGgosEajXPSQouXGHOmVdgo7QmJuOg==

parsleyjs@^2.8.1:
  version "2.9.1"
  resolved "https://registry.yarnpkg.com/parsleyjs/-/parsleyjs-2.9.1.tgz#fd79f7a1b1fe9138993b5e82f9bbc3e38fd3763d"
  integrity sha512-2WSe+HsOZEPqXh9bFdi/vgWNQtGRRnAgS3v12qesMAabxVdLE7Oj7b+2UzcZ80eG23g1SxiMUH978Dk/wSkt+w==
  dependencies:
    jquery ">=1.8.0"

peity@^3.3.0:
  version "3.3.0"
  resolved "https://registry.yarnpkg.com/peity/-/peity-3.3.0.tgz#0e0ad88c10a7360c7c0447d031dd85852c3714dd"
  integrity sha512-4QUbLwDpmBFS/f0RdLODU1HgLHJJ2qo9fruRRNFB3DRNi8MCb3yIMLyNUwOLGcMwkN9uqQKacjKJEM7/TZQkFw==

perfect-scrollbar@^1.4.0:
  version "1.4.0"
  resolved "https://registry.yarnpkg.com/perfect-scrollbar/-/perfect-scrollbar-1.4.0.tgz#5d014ef9775e1f43058a1dbae9ed1daf0e7091f1"
  integrity sha512-/2Sk/khljhdrsamjJYS5NjrH+GKEHEwh7zFSiYyxROyYKagkE4kSn2zDQDRTOMo8mpT2jikxx6yI1dG7lNP/hw==

pickerjs@^1.2.0:
  version "1.2.1"
  resolved "https://registry.yarnpkg.com/pickerjs/-/pickerjs-1.2.1.tgz#a70a8f34530d4fae5a7c9e22560c9b02c1bc2b88"
  integrity sha512-tGsSQiqaEm3fKyqCvyykxVpKPlHtJXNOgN62OEXH4kQtxeMwwTfqAvSUj4hE2BrAEs4VpSG3zH4Tmd0K0WFqmg==

popper.js@^1.14.3:
  version "1.15.0"
  resolved "https://registry.yarnpkg.com/popper.js/-/popper.js-1.15.0.tgz#5560b99bbad7647e9faa475c6b8056621f5a4ff2"
  integrity sha512-w010cY1oCUmI+9KwwlWki+r5jxKfTFDVoadl7MSrIujHU5MJ5OR6HTDj6Xo8aoR/QsA56x8jKjA59qGH4ELtrA==

prismjs@^1.15.0:
  version "1.17.1"
  resolved "https://registry.yarnpkg.com/prismjs/-/prismjs-1.17.1.tgz#e669fcbd4cdd873c35102881c33b14d0d68519be"
  integrity sha512-PrEDJAFdUGbOP6xK/UsfkC5ghJsPJviKgnQOoxaDbBjwc8op68Quupwt1DeAFoG8GImPhiKXAvvsH7wDSLsu1Q==
  optionalDependencies:
    clipboard "^2.0.0"

quill-delta@^3.6.2:
  version "3.6.3"
  resolved "https://registry.yarnpkg.com/quill-delta/-/quill-delta-3.6.3.tgz#b19fd2b89412301c60e1ff213d8d860eac0f1032"
  integrity sha512-wdIGBlcX13tCHOXGMVnnTVFtGRLoP0imqxM696fIPwIf5ODIYUHIvHbZcyvGlZFiFhK5XzDC2lpjbxRhnM05Tg==
  dependencies:
    deep-equal "^1.0.1"
    extend "^3.0.2"
    fast-diff "1.1.2"

quill@^1.3.6:
  version "1.3.7"
  resolved "https://registry.yarnpkg.com/quill/-/quill-1.3.7.tgz#da5b2f3a2c470e932340cdbf3668c9f21f9286e8"
  integrity sha512-hG/DVzh/TiknWtE6QmWAF/pxoZKYxfe3J/d/+ShUWkDvvkZQVTPeVmUJVu1uE6DDooC4fWTiCLh84ul89oNz5g==
  dependencies:
    clone "^2.1.1"
    deep-equal "^1.0.1"
    eventemitter3 "^2.0.3"
    extend "^3.0.2"
    parchment "^1.1.4"
    quill-delta "^3.6.2"

raphael@^2.2.7:
  version "2.3.0"
  resolved "https://registry.yarnpkg.com/raphael/-/raphael-2.3.0.tgz#eabeb09dba861a1d4cee077eaafb8c53f3131f89"
  integrity sha512-w2yIenZAQnp257XUWGni4bLMVxpUpcIl7qgxEgDIXtmSypYtlNxfXWpOBxs7LBTps5sDwhRnrToJrMUrivqNTQ==
  dependencies:
    eve-raphael "0.5.0"

regexp.prototype.flags@^1.2.0:
  version "1.2.0"
  resolved "https://registry.yarnpkg.com/regexp.prototype.flags/-/regexp.prototype.flags-1.2.0.tgz#6b30724e306a27833eeb171b66ac8890ba37e41c"
  integrity sha512-ztaw4M1VqgMwl9HlPpOuiYgItcHlunW0He2fE6eNfT6E/CF2FtYi9ofOYe4mKntstYk0Fyh/rDRBdS3AnxjlrA==
  dependencies:
    define-properties "^1.1.2"

select2@^4.0.6-rc.1:
  version "4.0.10"
  resolved "https://registry.yarnpkg.com/select2/-/select2-4.0.10.tgz#c8d4e3e2504f49956b3dfd9018ab1d7bc601a41b"
  integrity sha512-g9fWMdEif4eQ901eiJV3os0MG5y20/3E2WNy0PfYf0T6Q/zZB/NOroJwAxcfE6uv5x0/BGeCDGNtoj9PqCdQEg==

select@^1.1.2:
  version "1.1.2"
  resolved "https://registry.yarnpkg.com/select/-/select-1.1.2.tgz#0e7350acdec80b1108528786ec1d4418d11b396d"
  integrity sha1-DnNQrN7ICxEIUoeG7B1EGNEbOW0=

source-map@^0.6.1, source-map@~0.6.1:
  version "0.6.1"
  resolved "https://registry.yarnpkg.com/source-map/-/source-map-0.6.1.tgz#74722af32e9614e9c287a8d0bbde48b5e2f1a263"
  integrity sha512-UjgapumWlbMhkBgzT7Ykc5YXUT46F0iKu8SGXq0bcwP5dz/h0Plj6enJqjz1Zbq2l5WaqYnrVbwWOWMyF3F47g==

spectrum-colorpicker@^1.8.0:
  version "1.8.0"
  resolved "https://registry.yarnpkg.com/spectrum-colorpicker/-/spectrum-colorpicker-1.8.0.tgz#b926cf5002c0a77860b5f8351e1c093c65200107"
  integrity sha1-uSbPUALAp3hgtfg1HhwJPGUgAQc=

tiny-emitter@^2.0.0:
  version "2.1.0"
  resolved "https://registry.yarnpkg.com/tiny-emitter/-/tiny-emitter-2.1.0.tgz#1d1a56edfc51c43e863cbb5382a72330e3555423"
  integrity sha512-NB6Dk1A9xgQPMoGqC5CVXn123gWyte215ONT5Pp5a0yt4nlEoO1ZWeCwpncaekPHXO60i47ihFnZPiRPjRMq4Q==

typeahead.js@^0.11.1:
  version "0.11.1"
  resolved "https://registry.yarnpkg.com/typeahead.js/-/typeahead.js-0.11.1.tgz#4e64e671b22310a8606f4aec805924ba84b015b8"
  integrity sha1-TmTmcbIjEKhgb0rsgFkkuoSwFbg=
  dependencies:
    jquery ">=1.7"

typicons.font@^2.0.9:
  version "2.0.9"
  resolved "https://registry.yarnpkg.com/typicons.font/-/typicons.font-2.0.9.tgz#caa15c3d0c92219356342d9ca138adda793b9548"
  integrity sha1-yqFcPQySIZNWNC2coTit2nk7lUg=

uglify-js@^3.1.4:
  version "3.6.1"
  resolved "https://registry.yarnpkg.com/uglify-js/-/uglify-js-3.6.1.tgz#ae7688c50e1bdcf2f70a0e162410003cf9798311"
  integrity sha512-+dSJLJpXBb6oMHP+Yvw8hUgElz4gLTh82XuX68QiJVTXaE5ibl6buzhNkQdYhBlIhozWOC9ge16wyRmjG4TwVQ==
  dependencies:
    commander "2.20.0"
    source-map "~0.6.1"

wordwrap@~0.0.2:
  version "0.0.3"
  resolved "https://registry.yarnpkg.com/wordwrap/-/wordwrap-0.0.3.tgz#a3d5da6cd5c0bc0008d37234bbaf1bed63059107"
  integrity sha1-o9XabNXAvAAI03I0u68b7WMFkQc=
